
Microsoft Visual Studio Solution File, Format Version 12.00
# Visual Studio Version 17
VisualStudioVersion = 17.6.33829.357
MinimumVisualStudioVersion = 10.0.40219.1
Project("{FAE04EC0-301F-11D3-BF4B-00C04F79EFBC}") = "Vi håber", "Vi håber\Vi håber.csproj", "{A3FF36A4-6DEB-4B50-BA3C-C2593FE4EA98}"
EndProject
Global
	GlobalSection(SolutionConfigurationPlatforms) = preSolution
		Debug|Any CPU = Debug|Any CPU
		Release|Any CPU = Release|Any CPU
	EndGlobalSection
	GlobalSection(ProjectConfigurationPlatforms) = postSolution
		{A3FF36A4-6DEB-4B50-BA3C-C2593FE4EA98}.Debug|Any CPU.ActiveCfg = Debug|Any CPU
		{A3FF36A4-6DEB-4B50-BA3C-C2593FE4EA98}.Debug|Any CPU.Build.0 = Debug|Any CPU
		{A3FF36A4-6DEB-4B50-BA3C-C2593FE4EA98}.Release|Any CPU.ActiveCfg = Release|Any CPU
		{A3FF36A4-6DEB-4B50-BA3C-C2593FE4EA98}.Release|Any CPU.Build.0 = Release|Any CPU
	EndGlobalSection
	GlobalSection(SolutionProperties) = preSolution
		HideSolutionNode = FALSE
	EndGlobalSection
	GlobalSection(ExtensibilityGlobals) = postSolution
		SolutionGuid = {A87104D9-5B20-4273-9EB6-FF6EC03C37DC}
	EndGlobalSection
EndGlobal
